
Microsoft Visual Studio Solution File, Format Version 12.00
# Visual Studio Version 16
VisualStudioVersion = 16.0.31313.79
MinimumVisualStudioVersion = 10.0.40219.1
Project("{FAE04EC0-301F-11D3-BF4B-00C04F79EFBC}") = "OpenWarehouseManagement", "OpenWarehouseManagement\OpenWarehouseManagement.csproj", "{8F3F134C-0042-43D8-A0D1-33DD4D5CDB33}"
EndProject
Global
	GlobalSection(SolutionConfigurationPlatforms) = preSolution
		Debug|Any CPU = Debug|Any CPU
		Release|Any CPU = Release|Any CPU
	EndGlobalSection
	GlobalSection(ProjectConfigurationPlatforms) = postSolution
		{8F3F134C-0042-43D8-A0D1-33DD4D5CDB33}.Debug|Any CPU.ActiveCfg = Debug|Any CPU
		{8F3F134C-0042-43D8-A0D1-33DD4D5CDB33}.Debug|Any CPU.Build.0 = Debug|Any CPU
		{8F3F134C-0042-43D8-A0D1-33DD4D5CDB33}.Release|Any CPU.ActiveCfg = Release|Any CPU
		{8F3F134C-0042-43D8-A0D1-33DD4D5CDB33}.Release|Any CPU.Build.0 = Release|Any CPU
	EndGlobalSection
	GlobalSection(SolutionProperties) = preSolution
		HideSolutionNode = FALSE
	EndGlobalSection
	GlobalSection(ExtensibilityGlobals) = postSolution
		SolutionGuid = {84F4588A-69DC-48A5-8579-72C1FAE54CFE}
	EndGlobalSection
EndGlobal
